// !$*UTF8*$!
{
	archiveVersion = 1;
	classes = {
	};
	objectVersion = 46;
	objects = {

/* Begin PBXBuildFile section */
		DF61DA671F46308900BDE9DA /* XMLElement.swift in Sources */ = {isa = PBXBuildFile; fileRef = DF61DA661F46308900BDE9DA /* XMLElement.swift */; };
		DF61DA691F4645A100BDE9DA /* XMLAttribute.swift in Sources */ = {isa = PBXBuildFile; fileRef = DF61DA681F4645A100BDE9DA /* XMLAttribute.swift */; };
		DF61DA6B1F4645CA00BDE9DA /* XMLPrintable.swift in Sources */ = {isa = PBXBuildFile; fileRef = DF61DA6A1F4645CA00BDE9DA /* XMLPrintable.swift */; };
		DF61DA6D1F46468800BDE9DA /* XMLObject.swift in Sources */ = {isa = PBXBuildFile; fileRef = DF61DA6C1F46468800BDE9DA /* XMLObject.swift */; };
		DF7A25661F46244200D3DA60 /* AppDelegate.swift in Sources */ = {isa = PBXBuildFile; fileRef = DF7A25651F46244200D3DA60 /* AppDelegate.swift */; };
		DF7A25681F46244200D3DA60 /* ViewController.swift in Sources */ = {isa = PBXBuildFile; fileRef = DF7A25671F46244200D3DA60 /* ViewController.swift */; };
		DF7A256B1F46244200D3DA60 /* Main.storyboard in Resources */ = {isa = PBXBuildFile; fileRef = DF7A25691F46244200D3DA60 /* Main.storyboard */; };
		DF7A256D1F46244200D3DA60 /* Assets.xcassets in Resources */ = {isa = PBXBuildFile; fileRef = DF7A256C1F46244200D3DA60 /* Assets.xcassets */; };
		DF7A25701F46244200D3DA60 /* LaunchScreen.storyboard in Resources */ = {isa = PBXBuildFile; fileRef = DF7A256E1F46244200D3DA60 /* LaunchScreen.storyboard */; };
/* End PBXBuildFile section */

/* Begin PBXFileReference section */
		DF61DA661F46308900BDE9DA /* XMLElement.swift */ = {isa = PBXFileReference; fileEncoding = 4; lastKnownFileType = sourcecode.swift; path = XMLElement.swift; sourceTree = "<group>"; };
		DF61DA681F4645A100BDE9DA /* XMLAttribute.swift */ = {isa = PBXFileReference; fileEncoding = 4; lastKnownFileType = sourcecode.swift; path = XMLAttribute.swift; sourceTree = "<group>"; };
		DF61DA6A1F4645CA00BDE9DA /* XMLPrintable.swift */ = {isa = PBXFileReference; fileEncoding = 4; lastKnownFileType = sourcecode.swift; path = XMLPrintable.swift; sourceTree = "<group>"; };
		DF61DA6C1F46468800BDE9DA /* XMLObject.swift */ = {isa = PBXFileReference; fileEncoding = 4; lastKnownFileType = sourcecode.swift; path = XMLObject.swift; sourceTree = "<group>"; };
		DF7A25621F46244200D3DA60 /* Demo Project.app */ = {isa = PBXFileReference; explicitFileType = wrapper.application; includeInIndex = 0; path = "Demo Project.app"; sourceTree = BUILT_PRODUCTS_DIR; };
		DF7A25651F46244200D3DA60 /* AppDelegate.swift */ = {isa = PBXFileReference; lastKnownFileType = sourcecode.swift; path = AppDelegate.swift; sourceTree = "<group>"; };
		DF7A25671F46244200D3DA60 /* ViewController.swift */ = {isa = PBXFileReference; lastKnownFileType = sourcecode.swift; path = ViewController.swift; sourceTree = "<group>"; };
		DF7A256A1F46244200D3DA60 /* Base */ = {isa = PBXFileReference; lastKnownFileType = file.storyboard; name = Base; path = Base.lproj/Main.storyboard; sourceTree = "<group>"; };
		DF7A256C1F46244200D3DA60 /* Assets.xcassets */ = {isa = PBXFileReference; lastKnownFileType = folder.assetcatalog; path = Assets.xcassets; sourceTree = "<group>"; };
		DF7A256F1F46244200D3DA60 /* Base */ = {isa = PBXFileReference; lastKnownFileType = file.storyboard; name = Base; path = Base.lproj/LaunchScreen.storyboard; sourceTree = "<group>"; };
		DF7A25711F46244200D3DA60 /* Info.plist */ = {isa = PBXFileReference; lastKnownFileType = text.plist.xml; path = Info.plist; sourceTree = "<group>"; };
/* End PBXFileReference section */

/* Begin PBXFrameworksBuildPhase section */
		DF7A255F1F46244200D3DA60 /* Frameworks */ = {
			isa = PBXFrameworksBuildPhase;
			buildActionMask = 2147483647;
			files = (
			);
			runOnlyForDeploymentPostprocessing = 0;
		};
/* End PBXFrameworksBuildPhase section */

/* Begin PBXGroup section */
		DF61DA651F462FD900BDE9DA /* XML */ = {
			isa = PBXGroup;
			children = (
				DF61DA661F46308900BDE9DA /* XMLElement.swift */,
				DF61DA681F4645A100BDE9DA /* XMLAttribute.swift */,
				DF61DA6C1F46468800BDE9DA /* XMLObject.swift */,
				DF61DA6E1F4646CC00BDE9DA /* Protocols */,
			);
			name = XML;
			sourceTree = "<group>";
		};
		DF61DA6E1F4646CC00BDE9DA /* Protocols */ = {
			isa = PBXGroup;
			children = (
				DF61DA6A1F4645CA00BDE9DA /* XMLPrintable.swift */,
			);
			name = Protocols;
			sourceTree = "<group>";
		};
		DF61DA6F1F4646DB00BDE9DA /* Other */ = {
			isa = PBXGroup;
			children = (
				DF7A25671F46244200D3DA60 /* ViewController.swift */,
				DF7A25691F46244200D3DA60 /* Main.storyboard */,
				DF7A256C1F46244200D3DA60 /* Assets.xcassets */,
				DF7A256E1F46244200D3DA60 /* LaunchScreen.storyboard */,
				DF7A25711F46244200D3DA60 /* Info.plist */,
			);
			name = Other;
			sourceTree = "<group>";
		};
		DF7A25591F46244200D3DA60 = {
			isa = PBXGroup;
			children = (
				DF7A25641F46244200D3DA60 /* Demo Project */,
				DF7A25631F46244200D3DA60 /* Products */,
			);
			sourceTree = "<group>";
		};
		DF7A25631F46244200D3DA60 /* Products */ = {
			isa = PBXGroup;
			children = (
				DF7A25621F46244200D3DA60 /* Demo Project.app */,
			);
			name = Products;
			sourceTree = "<group>";
		};
		DF7A25641F46244200D3DA60 /* Demo Project */ = {
			isa = PBXGroup;
			children = (
				DF7A25651F46244200D3DA60 /* AppDelegate.swift */,
				DF61DA651F462FD900BDE9DA /* XML */,
				DF61DA6F1F4646DB00BDE9DA /* Other */,
			);
			path = "Demo Project";
			sourceTree = "<group>";
		};
/* End PBXGroup section */

/* Begin PBXNativeTarget section */
		DF7A25611F46244200D3DA60 /* Demo Project */ = {
			isa = PBXNativeTarget;
			buildConfigurationList = DF7A25741F46244200D3DA60 /* Build configuration list for PBXNativeTarget "Demo Project" */;
			buildPhases = (
				DF7A255E1F46244200D3DA60 /* Sources */,
				DF7A255F1F46244200D3DA60 /* Frameworks */,
				DF7A25601F46244200D3DA60 /* Resources */,
			);
			buildRules = (
			);
			dependencies = (
			);
			name = "Demo Project";
			productName = "Demo Project";
			productReference = DF7A25621F46244200D3DA60 /* Demo Project.app */;
			productType = "com.apple.product-type.application";
		};
/* End PBXNativeTarget section */

/* Begin PBXProject section */
		DF7A255A1F46244200D3DA60 /* Project object */ = {
			isa = PBXProject;
			attributes = {
				LastSwiftUpdateCheck = 0830;
				LastUpgradeCheck = 0830;
				ORGANIZATIONNAME = "Anders Melen";
				TargetAttributes = {
					DF7A25611F46244200D3DA60 = {
						CreatedOnToolsVersion = 8.3.3;
						DevelopmentTeam = YG48NVRHYK;
						ProvisioningStyle = Automatic;
					};
				};
			};
			buildConfigurationList = DF7A255D1F46244200D3DA60 /* Build configuration list for PBXProject "Demo Project" */;
			compatibilityVersion = "Xcode 3.2";
			developmentRegion = English;
			hasScannedForEncodings = 0;
			knownRegions = (
				en,
				Base,
			);
			mainGroup = DF7A25591F46244200D3DA60;
			productRefGroup = DF7A25631F46244200D3DA60 /* Products */;
			projectDirPath = "";
			projectRoot = "";
			targets = (
				DF7A25611F46244200D3DA60 /* Demo Project */,
			);
		};
/* End PBXProject section */

/* Begin PBXResourcesBuildPhase section */
		DF7A25601F46244200D3DA60 /* Resources */ = {
			isa = PBXResourcesBuildPhase;
			buildActionMask = 2147483647;
			files = (
				DF7A25701F46244200D3DA60 /* LaunchScreen.storyboard in Resources */,
				DF7A256D1F46244200D3DA60 /* Assets.xcassets in Resources */,
				DF7A256B1F46244200D3DA60 /* Main.storyboard in Resources */,
			);
			runOnlyForDeploymentPostprocessing = 0;
		};
/* End PBXResourcesBuildPhase section */

/* Begin PBXSourcesBuildPhase section */
		DF7A255E1F46244200D3DA60 /* Sources */ = {
			isa = PBXSourcesBuildPhase;
			buildActionMask = 2147483647;
			files = (
				DF7A25681F46244200D3DA60 /* ViewController.swift in Sources */,
				DF61DA671F46308900BDE9DA /* XMLElement.swift in Sources */,
				DF61DA6D1F46468800BDE9DA /* XMLObject.swift in Sources */,
				DF61DA691F4645A100BDE9DA /* XMLAttribute.swift in Sources */,
				DF7A25661F46244200D3DA60 /* AppDelegate.swift in Sources */,
				DF61DA6B1F4645CA00BDE9DA /* XMLPrintable.swift in Sources */,
			);
			runOnlyForDeploymentPostprocessing = 0;
		};
/* End PBXSourcesBuildPhase section */

/* Begin PBXVariantGroup section */
		DF7A25691F46244200D3DA60 /* Main.storyboard */ = {
			isa = PBXVariantGroup;
			children = (
				DF7A256A1F46244200D3DA60 /* Base */,
			);
			name = Main.storyboard;
			sourceTree = "<group>";
		};
		DF7A256E1F46244200D3DA60 /* LaunchScreen.storyboard */ = {
			isa = PBXVariantGroup;
			children = (
				DF7A256F1F46244200D3DA60 /* Base */,
			);
			name = LaunchScreen.storyboard;
			sourceTree = "<group>";
		};
/* End PBXVariantGroup section */

/* Begin XCBuildConfiguration section */
		DF7A25721F46244200D3DA60 /* Debug */ = {
			isa = XCBuildConfiguration;
			buildSettings = {
				ALWAYS_SEARCH_USER_PATHS = NO;
				CLANG_ANALYZER_NONNULL = YES;
				CLANG_ANALYZER_NUMBER_OBJECT_CONVERSION = YES_AGGRESSIVE;
				CLANG_CXX_LANGUAGE_STANDARD = "gnu++0x";
				CLANG_CXX_LIBRARY = "libc++";
				CLANG_ENABLE_MODULES = YES;
				CLANG_ENABLE_OBJC_ARC = YES;
				CLANG_WARN_BOOL_CONVERSION = YES;
				CLANG_WARN_CONSTANT_CONVERSION = YES;
				CLANG_WARN_DIRECT_OBJC_ISA_USAGE = YES_ERROR;
				CLANG_WARN_DOCUMENTATION_COMMENTS = YES;
				CLANG_WARN_EMPTY_BODY = YES;
				CLANG_WARN_ENUM_CONVERSION = YES;
				CLANG_WARN_INFINITE_RECURSION = YES;
				CLANG_WARN_INT_CONVERSION = YES;
				CLANG_WARN_OBJC_ROOT_CLASS = YES_ERROR;
				CLANG_WARN_SUSPICIOUS_MOVE = YES;
				CLANG_WARN_UNREACHABLE_CODE = YES;
				CLANG_WARN__DUPLICATE_METHOD_MATCH = YES;
				"CODE_SIGN_IDENTITY[sdk=iphoneos*]" = "iPhone Developer";
				COPY_PHASE_STRIP = NO;
				DEBUG_INFORMATION_FORMAT = dwarf;
				ENABLE_STRICT_OBJC_MSGSEND = YES;
				ENABLE_TESTABILITY = YES;
				GCC_C_LANGUAGE_STANDARD = gnu99;
				GCC_DYNAMIC_NO_PIC = NO;
				GCC_NO_COMMON_BLOCKS = YES;
				GCC_OPTIMIZATION_LEVEL = 0;
				GCC_PREPROCESSOR_DEFINITIONS = (
					"DEBUG=1",
					"$(inherited)",
				);
				GCC_WARN_64_TO_32_BIT_CONVERSION = YES;
				GCC_WARN_ABOUT_RETURN_TYPE = YES_ERROR;
				GCC_WARN_UNDECLARED_SELECTOR = YES;
				GCC_WARN_UNINITIALIZED_AUTOS = YES_AGGRESSIVE;
				GCC_WARN_UNUSED_FUNCTION = YES;
				GCC_WARN_UNUSED_VARIABLE = YES;
				IPHONEOS_DEPLOYMENT_TARGET = 10.3;
				MTL_ENABLE_DEBUG_INFO = YES;
				ONLY_ACTIVE_ARCH = YES;
				SDKROOT = iphoneos;
				SWIFT_ACTIVE_COMPILATION_CONDITIONS = DEBUG;
				SWIFT_OPTIMIZATION_LEVEL = "-Onone";
			};
			name = Debug;
		};
		DF7A25731F46244200D3DA60 /* Release */ = {
			isa = XCBuildConfiguration;
			buildSettings = {
				ALWAYS_SEARCH_USER_PATHS = NO;
				CLANG_ANALYZER_NONNULL = YES;
				CLANG_ANALYZER_NUMBER_OBJECT_CONVERSION = YES_AGGRESSIVE;
				CLANG_CXX_LANGUAGE_STANDARD = "gnu++0x";
				CLANG_CXX_LIBRARY = "libc++";
				CLANG_ENABLE_MODULES = YES;
				CLANG_ENABLE_OBJC_ARC = YES;
				CLANG_WARN_BOOL_CONVERSION = YES;
				CLANG_WARN_CONSTANT_CONVERSION = YES;
				CLANG_WARN_DIRECT_OBJC_ISA_USAGE = YES_ERROR;
				CLANG_WARN_DOCUMENTATION_COMMENTS = YES;
				CLANG_WARN_EMPTY_BODY = YES;
				CLANG_WARN_ENUM_CONVERSION = YES;
				CLANG_WARN_INFINITE_RECURSION = YES;
				CLANG_WARN_INT_CONVERSION = YES;
				CLANG_WARN_OBJC_ROOT_CLASS = YES_ERROR;
				CLANG_WARN_SUSPICIOUS_MOVE = YES;
				CLANG_WARN_UNREACHABLE_CODE = YES;
				CLANG_WARN__DUPLICATE_METHOD_MATCH = YES;
				"CODE_SIGN_IDENTITY[sdk=iphoneos*]" = "iPhone Developer";
				COPY_PHASE_STRIP = NO;
				DEBUG_INFORMATION_FORMAT = "dwarf-with-dsym";
				ENABLE_NS_ASSERTIONS = NO;
				ENABLE_STRICT_OBJC_MSGSEND = YES;
				GCC_C_LANGUAGE_STANDARD = gnu99;
				GCC_NO_COMMON_BLOCKS = YES;
				GCC_WARN_64_TO_32_BIT_CONVERSION = YES;
				GCC_WARN_ABOUT_RETURN_TYPE = YES_ERROR;
				GCC_WARN_UNDECLARED_SELECTOR = YES;
				GCC_WARN_UNINITIALIZED_AUTOS = YES_AGGRESSIVE;
				GCC_WARN_UNUSED_FUNCTION = YES;
				GCC_WARN_UNUSED_VARIABLE = YES;
				IPHONEOS_DEPLOYMENT_TARGET = 10.3;
				MTL_ENABLE_DEBUG_INFO = NO;
				SDKROOT = iphoneos;
				SWIFT_OPTIMIZATION_LEVEL = "-Owholemodule";
				VALIDATE_PRODUCT = YES;
			};
			name = Release;
		};
		DF7A25751F46244200D3DA60 /* Debug */ = {
			isa = XCBuildConfiguration;
			buildSettings = {
				ASSETCATALOG_COMPILER_APPICON_NAME = AppIcon;
				DEVELOPMENT_TEAM = YG48NVRHYK;
				INFOPLIST_FILE = "Demo Project/Info.plist";
				LD_RUNPATH_SEARCH_PATHS = "$(inherited) @executable_path/Frameworks";
				PRODUCT_BUNDLE_IDENTIFIER = com.anders.melen.demo;
				PRODUCT_NAME = "$(TARGET_NAME)";
				SWIFT_VERSION = 3.0;
			};
			name = Debug;
		};
		DF7A25761F46244200D3DA60 /* Release */ = {
			isa = XCBuildConfiguration;
			buildSettings = {
				ASSETCATALOG_COMPILER_APPICON_NAME = AppIcon;
				DEVELOPMENT_TEAM = YG48NVRHYK;
				INFOPLIST_FILE = "Demo Project/Info.plist";
				LD_RUNPATH_SEARCH_PATHS = "$(inherited) @executable_path/Frameworks";
				PRODUCT_BUNDLE_IDENTIFIER = com.anders.melen.demo;
				PRODUCT_NAME = "$(TARGET_NAME)";
				SWIFT_VERSION = 3.0;
			};
			name = Release;
		};
/* End XCBuildConfiguration section */

/* Begin XCConfigurationList section */
		DF7A255D1F46244200D3DA60 /* Build configuration list for PBXProject "Demo Project" */ = {
			isa = XCConfigurationList;
			buildConfigurations = (
				DF7A25721F46244200D3DA60 /* Debug */,
				DF7A25731F46244200D3DA60 /* Release */,
			);
			defaultConfigurationIsVisible = 0;
			defaultConfigurationName = Release;
		};
		DF7A25741F46244200D3DA60 /* Build configuration list for PBXNativeTarget "Demo Project" */ = {
			isa = XCConfigurationList;
			buildConfigurations = (
				DF7A25751F46244200D3DA60 /* Debug */,
				DF7A25761F46244200D3DA60 /* Release */,
			);
			defaultConfigurationIsVisible = 0;
			defaultConfigurationName = Release;
		};
/* End XCConfigurationList section */
	};
	rootObject = DF7A255A1F46244200D3DA60 /* Project object */;
}
